[{<<"poolmachine">>,
  {git,"https://github.com/minostro/poolmachine.git",
       {ref,"05c352aab64fb3ba208361e922b7a3819f793a9b"}},
  0},
 {<<"erlforce">>,
  {git,"https://github.com/igb/ErlForce.git",
       {ref,"a5f31f5257eca294657a81946f3d2a98d452a905"}},
  0},
 {<<"epgsql">>,
  {git,"https://github.com/epgsql/epgsql.git",
       {ref,"9f52f198c15a7f5d364c3dd8413030e9d02e4e80"}},
  0}].
